
Microsoft Visual Studio Solution File, Format Version 12.00
# Visual Studio 2013
VisualStudioVersion = 12.0.31101.0
MinimumVisualStudioVersion = 10.0.40219.1
Project("{FAE04EC0-301F-11D3-BF4B-00C04F79EFBC}") = "SQL2014_BIDSHelper", "SQL2014_BIDSHelper.csproj", "{D0A64DAC-84C6-4F6A-A406-A08355738A45}"
EndProject
Project("{FAE04EC0-301F-11D3-BF4B-00C04F79EFBC}") = "TestDataGridViewForm", "..\TestDataGridViewForm\TestDataGridViewForm.csproj", "{710DE8B9-8769-4176-AEB3-F8EE32B8667D}"
EndProject
Global
	GlobalSection(SolutionConfigurationPlatforms) = preSolution
		Debug|Any CPU = Debug|Any CPU
		Release|Any CPU = Release|Any CPU
	EndGlobalSection
	GlobalSection(ProjectConfigurationPlatforms) = postSolution
		{D0A64DAC-84C6-4F6A-A406-A08355738A45}.Debug|Any CPU.ActiveCfg = Debug|Any CPU
		{D0A64DAC-84C6-4F6A-A406-A08355738A45}.Debug|Any CPU.Build.0 = Debug|Any CPU
		{D0A64DAC-84C6-4F6A-A406-A08355738A45}.Release|Any CPU.ActiveCfg = Release|Any CPU
		{D0A64DAC-84C6-4F6A-A406-A08355738A45}.Release|Any CPU.Build.0 = Release|Any CPU
		{710DE8B9-8769-4176-AEB3-F8EE32B8667D}.Debug|Any CPU.ActiveCfg = Debug|Any CPU
		{710DE8B9-8769-4176-AEB3-F8EE32B8667D}.Debug|Any CPU.Build.0 = Debug|Any CPU
		{710DE8B9-8769-4176-AEB3-F8EE32B8667D}.Release|Any CPU.ActiveCfg = Release|Any CPU
		{710DE8B9-8769-4176-AEB3-F8EE32B8667D}.Release|Any CPU.Build.0 = Release|Any CPU
	EndGlobalSection
	GlobalSection(SolutionProperties) = preSolution
		HideSolutionNode = FALSE
	EndGlobalSection
EndGlobal
